
Microsoft Visual Studio Solution File, Format Version 12.00
# Visual Studio Version 17
VisualStudioVersion = 17.0.31903.59
MinimumVisualStudioVersion = 10.0.40219.1
Project("{FAE04EC0-301F-11D3-BF4B-00C04F79EFBC}") = "Inventarios", "Inventarios\Inventarios.csproj", "{DA046FFF-2FF9-4307-A5A5-A69E01D2D54D}"
EndProject
Global
	GlobalSection(SolutionConfigurationPlatforms) = preSolution
		Debug|Any CPU = Debug|Any CPU
		Release|Any CPU = Release|Any CPU
	EndGlobalSection
	GlobalSection(ProjectConfigurationPlatforms) = postSolution
		{DA046FFF-2FF9-4307-A5A5-A69E01D2D54D}.Debug|Any CPU.ActiveCfg = Debug|Any CPU
		{DA046FFF-2FF9-4307-A5A5-A69E01D2D54D}.Debug|Any CPU.Build.0 = Debug|Any CPU
		{DA046FFF-2FF9-4307-A5A5-A69E01D2D54D}.Release|Any CPU.ActiveCfg = Release|Any CPU
		{DA046FFF-2FF9-4307-A5A5-A69E01D2D54D}.Release|Any CPU.Build.0 = Release|Any CPU
	EndGlobalSection
	GlobalSection(SolutionProperties) = preSolution
		HideSolutionNode = FALSE
	EndGlobalSection
	GlobalSection(ExtensibilityGlobals) = postSolution
		SolutionGuid = {CB138EF8-AC6A-474B-A4BC-502A8101B532}
	EndGlobalSection
EndGlobal
